// !$*UTF8*$!
{
	archiveVersion = 1;
	classes = {
	};
	objectVersion = 55;
	objects = {

/* Begin PBXBuildFile section */
		768C33782832584300FB2DE2 /* PersonListSwiftUiApp.swift in Sources */ = {isa = PBXBuildFile; fileRef = 768C33772832584300FB2DE2 /* PersonListSwiftUiApp.swift */; };
		768C337A2832584300FB2DE2 /* ContentView.swift in Sources */ = {isa = PBXBuildFile; fileRef = 768C33792832584300FB2DE2 /* ContentView.swift */; };
		768C337C2832584400FB2DE2 /* Assets.xcassets in Resources */ = {isa = PBXBuildFile; fileRef = 768C337B2832584400FB2DE2 /* Assets.xcassets */; };
		768C337F2832584400FB2DE2 /* Preview Assets.xcassets in Resources */ = {isa = PBXBuildFile; fileRef = 768C337E2832584400FB2DE2 /* Preview Assets.xcassets */; };
		768C33862832586500FB2DE2 /* Persone.swift in Sources */ = {isa = PBXBuildFile; fileRef = 768C33852832586500FB2DE2 /* Persone.swift */; };
		768C338828325A8B00FB2DE2 /* DataManager.swift in Sources */ = {isa = PBXBuildFile; fileRef = 768C338728325A8B00FB2DE2 /* DataManager.swift */; };
		768C338A283262B300FB2DE2 /* PersonListOneTapBar.swift in Sources */ = {isa = PBXBuildFile; fileRef = 768C3389283262B200FB2DE2 /* PersonListOneTapBar.swift */; };
		768C338C283262EB00FB2DE2 /* PersonInfoTwoTapBar.swift in Sources */ = {isa = PBXBuildFile; fileRef = 768C338B283262EB00FB2DE2 /* PersonInfoTwoTapBar.swift */; };
		76970BE72832B49700183DDD /* InfoPersonView.swift in Sources */ = {isa = PBXBuildFile; fileRef = 76970BE62832B49700183DDD /* InfoPersonView.swift */; };
/* End PBXBuildFile section */

/* Begin PBXFileReference section */
		768C33742832584300FB2DE2 /* PersonListSwiftUi.app */ = {isa = PBXFileReference; explicitFileType = wrapper.application; includeInIndex = 0; path = PersonListSwiftUi.app; sourceTree = BUILT_PRODUCTS_DIR; };
		768C33772832584300FB2DE2 /* PersonListSwiftUiApp.swift */ = {isa = PBXFileReference; lastKnownFileType = sourcecode.swift; path = PersonListSwiftUiApp.swift; sourceTree = "<group>"; };
		768C33792832584300FB2DE2 /* ContentView.swift */ = {isa = PBXFileReference; lastKnownFileType = sourcecode.swift; path = ContentView.swift; sourceTree = "<group>"; };
		768C337B2832584400FB2DE2 /* Assets.xcassets */ = {isa = PBXFileReference; lastKnownFileType = folder.assetcatalog; path = Assets.xcassets; sourceTree = "<group>"; };
		768C337E2832584400FB2DE2 /* Preview Assets.xcassets */ = {isa = PBXFileReference; lastKnownFileType = folder.assetcatalog; path = "Preview Assets.xcassets"; sourceTree = "<group>"; };
		768C33852832586500FB2DE2 /* Persone.swift */ = {isa = PBXFileReference; lastKnownFileType = sourcecode.swift; path = Persone.swift; sourceTree = "<group>"; };
		768C338728325A8B00FB2DE2 /* DataManager.swift */ = {isa = PBXFileReference; lastKnownFileType = sourcecode.swift; path = DataManager.swift; sourceTree = "<group>"; };
		768C3389283262B200FB2DE2 /* PersonListOneTapBar.swift */ = {isa = PBXFileReference; lastKnownFileType = sourcecode.swift; path = PersonListOneTapBar.swift; sourceTree = "<group>"; };
		768C338B283262EB00FB2DE2 /* PersonInfoTwoTapBar.swift */ = {isa = PBXFileReference; lastKnownFileType = sourcecode.swift; path = PersonInfoTwoTapBar.swift; sourceTree = "<group>"; };
		76970BE62832B49700183DDD /* InfoPersonView.swift */ = {isa = PBXFileReference; lastKnownFileType = sourcecode.swift; path = InfoPersonView.swift; sourceTree = "<group>"; };
/* End PBXFileReference section */

/* Begin PBXFrameworksBuildPhase section */
		768C33712832584300FB2DE2 /* Frameworks */ = {
			isa = PBXFrameworksBuildPhase;
			buildActionMask = 2147483647;
			files = (
			);
			runOnlyForDeploymentPostprocessing = 0;
		};
/* End PBXFrameworksBuildPhase section */

/* Begin PBXGroup section */
		768C336B2832584300FB2DE2 = {
			isa = PBXGroup;
			children = (
				768C33762832584300FB2DE2 /* PersonListSwiftUi */,
				768C33752832584300FB2DE2 /* Products */,
			);
			sourceTree = "<group>";
		};
		768C33752832584300FB2DE2 /* Products */ = {
			isa = PBXGroup;
			children = (
				768C33742832584300FB2DE2 /* PersonListSwiftUi.app */,
			);
			name = Products;
			sourceTree = "<group>";
		};
		768C33762832584300FB2DE2 /* PersonListSwiftUi */ = {
			isa = PBXGroup;
			children = (
				768C33772832584300FB2DE2 /* PersonListSwiftUiApp.swift */,
				76970BEB2832C82D00183DDD /* View */,
				76970BE92832C80C00183DDD /* Model */,
				76970BEA2832C81800183DDD /* DataManager */,
				768C337B2832584400FB2DE2 /* Assets.xcassets */,
				768C337D2832584400FB2DE2 /* Preview Content */,
			);
			path = PersonListSwiftUi;
			sourceTree = "<group>";
		};
		768C337D2832584400FB2DE2 /* Preview Content */ = {
			isa = PBXGroup;
			children = (
				768C337E2832584400FB2DE2 /* Preview Assets.xcassets */,
			);
			path = "Preview Content";
			sourceTree = "<group>";
		};
		76970BE92832C80C00183DDD /* Model */ = {
			isa = PBXGroup;
			children = (
				768C33852832586500FB2DE2 /* Persone.swift */,
			);
			path = Model;
			sourceTree = "<group>";
		};
		76970BEA2832C81800183DDD /* DataManager */ = {
			isa = PBXGroup;
			children = (
				768C338728325A8B00FB2DE2 /* DataManager.swift */,
			);
			path = DataManager;
			sourceTree = "<group>";
		};
		76970BEB2832C82D00183DDD /* View */ = {
			isa = PBXGroup;
			children = (
				768C33792832584300FB2DE2 /* ContentView.swift */,
				768C3389283262B200FB2DE2 /* PersonListOneTapBar.swift */,
				768C338B283262EB00FB2DE2 /* PersonInfoTwoTapBar.swift */,
				76970BE62832B49700183DDD /* InfoPersonView.swift */,
			);
			path = View;
			sourceTree = "<group>";
		};
/* End PBXGroup section */

/* Begin PBXNativeTarget section */
		768C33732832584300FB2DE2 /* PersonListSwiftUi */ = {
			isa = PBXNativeTarget;
			buildConfigurationList = 768C33822832584400FB2DE2 /* Build configuration list for PBXNativeTarget "PersonListSwiftUi" */;
			buildPhases = (
				768C33702832584300FB2DE2 /* Sources */,
				768C33712832584300FB2DE2 /* Frameworks */,
				768C33722832584300FB2DE2 /* Resources */,
			);
			buildRules = (
			);
			dependencies = (
			);
			name = PersonListSwiftUi;
			productName = PersonListSwiftUi;
			productReference = 768C33742832584300FB2DE2 /* PersonListSwiftUi.app */;
			productType = "com.apple.product-type.application";
		};
/* End PBXNativeTarget section */

/* Begin PBXProject section */
		768C336C2832584300FB2DE2 /* Project object */ = {
			isa = PBXProject;
			attributes = {
				BuildIndependentTargetsInParallel = 1;
				LastSwiftUpdateCheck = 1330;
				LastUpgradeCheck = 1330;
				TargetAttributes = {
					768C33732832584300FB2DE2 = {
						CreatedOnToolsVersion = 13.3.1;
					};
				};
			};
			buildConfigurationList = 768C336F2832584300FB2DE2 /* Build configuration list for PBXProject "PersonListSwiftUi" */;
			compatibilityVersion = "Xcode 13.0";
			developmentRegion = en;
			hasScannedForEncodings = 0;
			knownRegions = (
				en,
				Base,
			);
			mainGroup = 768C336B2832584300FB2DE2;
			productRefGroup = 768C33752832584300FB2DE2 /* Products */;
			projectDirPath = "";
			projectRoot = "";
			targets = (
				768C33732832584300FB2DE2 /* PersonListSwiftUi */,
			);
		};
/* End PBXProject section */

/* Begin PBXResourcesBuildPhase section */
		768C33722832584300FB2DE2 /* Resources */ = {
			isa = PBXResourcesBuildPhase;
			buildActionMask = 2147483647;
			files = (
				768C337F2832584400FB2DE2 /* Preview Assets.xcassets in Resources */,
				768C337C2832584400FB2DE2 /* Assets.xcassets in Resources */,
			);
			runOnlyForDeploymentPostprocessing = 0;
		};
/* End PBXResourcesBuildPhase section */

/* Begin PBXSourcesBuildPhase section */
		768C33702832584300FB2DE2 /* Sources */ = {
			isa = PBXSourcesBuildPhase;
			buildActionMask = 2147483647;
			files = (
				76970BE72832B49700183DDD /* InfoPersonView.swift in Sources */,
				768C338A283262B300FB2DE2 /* PersonListOneTapBar.swift in Sources */,
				768C337A2832584300FB2DE2 /* ContentView.swift in Sources */,
				768C33782832584300FB2DE2 /* PersonListSwiftUiApp.swift in Sources */,
				768C33862832586500FB2DE2 /* Persone.swift in Sources */,
				768C338828325A8B00FB2DE2 /* DataManager.swift in Sources */,
				768C338C283262EB00FB2DE2 /* PersonInfoTwoTapBar.swift in Sources */,
			);
			runOnlyForDeploymentPostprocessing = 0;
		};
/* End PBXSourcesBuildPhase section */

/* Begin XCBuildConfiguration section */
		768C33802832584400FB2DE2 /* Debug */ = {
			isa = XCBuildConfiguration;
			buildSettings = {
				ALWAYS_SEARCH_USER_PATHS = NO;
				CLANG_ANALYZER_NONNULL = YES;
				CLANG_ANALYZER_NUMBER_OBJECT_CONVERSION = YES_AGGRESSIVE;
				CLANG_CXX_LANGUAGE_STANDARD = "gnu++17";
				CLANG_ENABLE_MODULES = YES;
				CLANG_ENABLE_OBJC_ARC = YES;
				CLANG_ENABLE_OBJC_WEAK = YES;
				CLANG_WARN_BLOCK_CAPTURE_AUTORELEASING = YES;
				CLANG_WARN_BOOL_CONVERSION = YES;
				CLANG_WARN_COMMA = YES;
				CLANG_WARN_CONSTANT_CONVERSION = YES;
				CLANG_WARN_DEPRECATED_OBJC_IMPLEMENTATIONS = YES;
				CLANG_WARN_DIRECT_OBJC_ISA_USAGE = YES_ERROR;
				CLANG_WARN_DOCUMENTATION_COMMENTS = YES;
				CLANG_WARN_EMPTY_BODY = YES;
				CLANG_WARN_ENUM_CONVERSION = YES;
				CLANG_WARN_INFINITE_RECURSION = YES;
				CLANG_WARN_INT_CONVERSION = YES;
				CLANG_WARN_NON_LITERAL_NULL_CONVERSION = YES;
				CLANG_WARN_OBJC_IMPLICIT_RETAIN_SELF = YES;
				CLANG_WARN_OBJC_LITERAL_CONVERSION = YES;
				CLANG_WARN_OBJC_ROOT_CLASS = YES_ERROR;
				CLANG_WARN_QUOTED_INCLUDE_IN_FRAMEWORK_HEADER = YES;
				CLANG_WARN_RANGE_LOOP_ANALYSIS = YES;
				CLANG_WARN_STRICT_PROTOTYPES = YES;
				CLANG_WARN_SUSPICIOUS_MOVE = YES;
				CLANG_WARN_UNGUARDED_AVAILABILITY = YES_AGGRESSIVE;
				CLANG_WARN_UNREACHABLE_CODE = YES;
				CLANG_WARN__DUPLICATE_METHOD_MATCH = YES;
				COPY_PHASE_STRIP = NO;
				DEBUG_INFORMATION_FORMAT = dwarf;
				ENABLE_STRICT_OBJC_MSGSEND = YES;
				ENABLE_TESTABILITY = YES;
				GCC_C_LANGUAGE_STANDARD = gnu11;
				GCC_DYNAMIC_NO_PIC = NO;
				GCC_NO_COMMON_BLOCKS = YES;
				GCC_OPTIMIZATION_LEVEL = 0;
				GCC_PREPROCESSOR_DEFINITIONS = (
					"DEBUG=1",
					"$(inherited)",
				);
				GCC_WARN_64_TO_32_BIT_CONVERSION = YES;
				GCC_WARN_ABOUT_RETURN_TYPE = YES_ERROR;
				GCC_WARN_UNDECLARED_SELECTOR = YES;
				GCC_WARN_UNINITIALIZED_AUTOS = YES_AGGRESSIVE;
				GCC_WARN_UNUSED_FUNCTION = YES;
				GCC_WARN_UNUSED_VARIABLE = YES;
				IPHONEOS_DEPLOYMENT_TARGET = 15.4;
				MTL_ENABLE_DEBUG_INFO = INCLUDE_SOURCE;
				MTL_FAST_MATH = YES;
				ONLY_ACTIVE_ARCH = YES;
				SDKROOT = iphoneos;
				SWIFT_ACTIVE_COMPILATION_CONDITIONS = DEBUG;
				SWIFT_OPTIMIZATION_LEVEL = "-Onone";
			};
			name = Debug;
		};
		768C33812832584400FB2DE2 /* Release */ = {
			isa = XCBuildConfiguration;
			buildSettings = {
				ALWAYS_SEARCH_USER_PATHS = NO;
				CLANG_ANALYZER_NONNULL = YES;
				CLANG_ANALYZER_NUMBER_OBJECT_CONVERSION = YES_AGGRESSIVE;
				CLANG_CXX_LANGUAGE_STANDARD = "gnu++17";
				CLANG_ENABLE_MODULES = YES;
				CLANG_ENABLE_OBJC_ARC = YES;
				CLANG_ENABLE_OBJC_WEAK = YES;
				CLANG_WARN_BLOCK_CAPTURE_AUTORELEASING = YES;
				CLANG_WARN_BOOL_CONVERSION = YES;
				CLANG_WARN_COMMA = YES;
				CLANG_WARN_CONSTANT_CONVERSION = YES;
				CLANG_WARN_DEPRECATED_OBJC_IMPLEMENTATIONS = YES;
				CLANG_WARN_DIRECT_OBJC_ISA_USAGE = YES_ERROR;
				CLANG_WARN_DOCUMENTATION_COMMENTS = YES;
				CLANG_WARN_EMPTY_BODY = YES;
				CLANG_WARN_ENUM_CONVERSION = YES;
				CLANG_WARN_INFINITE_RECURSION = YES;
				CLANG_WARN_INT_CONVERSION = YES;
				CLANG_WARN_NON_LITERAL_NULL_CONVERSION = YES;
				CLANG_WARN_OBJC_IMPLICIT_RETAIN_SELF = YES;
				CLANG_WARN_OBJC_LITERAL_CONVERSION = YES;
				CLANG_WARN_OBJC_ROOT_CLASS = YES_ERROR;
				CLANG_WARN_QUOTED_INCLUDE_IN_FRAMEWORK_HEADER = YES;
				CLANG_WARN_RANGE_LOOP_ANALYSIS = YES;
				CLANG_WARN_STRICT_PROTOTYPES = YES;
				CLANG_WARN_SUSPICIOUS_MOVE = YES;
				CLANG_WARN_UNGUARDED_AVAILABILITY = YES_AGGRESSIVE;
				CLANG_WARN_UNREACHABLE_CODE = YES;
				CLANG_WARN__DUPLICATE_METHOD_MATCH = YES;
				COPY_PHASE_STRIP = NO;
				DEBUG_INFORMATION_FORMAT = "dwarf-with-dsym";
				ENABLE_NS_ASSERTIONS = NO;
				ENABLE_STRICT_OBJC_MSGSEND = YES;
				GCC_C_LANGUAGE_STANDARD = gnu11;
				GCC_NO_COMMON_BLOCKS = YES;
				GCC_WARN_64_TO_32_BIT_CONVERSION = YES;
				GCC_WARN_ABOUT_RETURN_TYPE = YES_ERROR;
				GCC_WARN_UNDECLARED_SELECTOR = YES;
				GCC_WARN_UNINITIALIZED_AUTOS = YES_AGGRESSIVE;
				GCC_WARN_UNUSED_FUNCTION = YES;
				GCC_WARN_UNUSED_VARIABLE = YES;
				IPHONEOS_DEPLOYMENT_TARGET = 15.4;
				MTL_ENABLE_DEBUG_INFO = NO;
				MTL_FAST_MATH = YES;
				SDKROOT = iphoneos;
				SWIFT_COMPILATION_MODE = wholemodule;
				SWIFT_OPTIMIZATION_LEVEL = "-O";
				VALIDATE_PRODUCT = YES;
			};
			name = Release;
		};
		768C33832832584400FB2DE2 /* Debug */ = {
			isa = XCBuildConfiguration;
			buildSettings = {
				ASSETCATALOG_COMPILER_APPICON_NAME = AppIcon;
				ASSETCATALOG_COMPILER_GLOBAL_ACCENT_COLOR_NAME = AccentColor;
				CODE_SIGN_STYLE = Automatic;
				CURRENT_PROJECT_VERSION = 1;
				DEVELOPMENT_ASSET_PATHS = "\"PersonListSwiftUi/Preview Content\"";
				DEVELOPMENT_TEAM = N85MKK397C;
				ENABLE_PREVIEWS = YES;
				GENERATE_INFOPLIST_FILE = YES;
				INFOPLIST_KEY_UIApplicationSceneManifest_Generation = YES;
				INFOPLIST_KEY_UIApplicationSupportsIndirectInputEvents = YES;
				INFOPLIST_KEY_UILaunchScreen_Generation = YES;
				INFOPLIST_KEY_UISupportedInterfaceOrientations_iPad = "UIInterfaceOrientationPortrait UIInterfaceOrientationPortraitUpsideDown UIInterfaceOrientationLandscapeLeft UIInterfaceOrientationLandscapeRight";
				INFOPLIST_KEY_UISupportedInterfaceOrientations_iPhone = "UIInterfaceOrientationPortrait UIInterfaceOrientationLandscapeLeft UIInterfaceOrientationLandscapeRight";
				LD_RUNPATH_SEARCH_PATHS = (
					"$(inherited)",
					"@executable_path/Frameworks",
				);
				MARKETING_VERSION = 1.0;
				PRODUCT_BUNDLE_IDENTIFIER = max.PersonListSwiftUi;
				PRODUCT_NAME = "$(TARGET_NAME)";
				SWIFT_EMIT_LOC_STRINGS = YES;
				SWIFT_VERSION = 5.0;
				TARGETED_DEVICE_FAMILY = "1,2";
			};
			name = Debug;
		};
		768C33842832584400FB2DE2 /* Release */ = {
			isa = XCBuildConfiguration;
			buildSettings = {
				ASSETCATALOG_COMPILER_APPICON_NAME = AppIcon;
				ASSETCATALOG_COMPILER_GLOBAL_ACCENT_COLOR_NAME = AccentColor;
				CODE_SIGN_STYLE = Automatic;
				CURRENT_PROJECT_VERSION = 1;
				DEVELOPMENT_ASSET_PATHS = "\"PersonListSwiftUi/Preview Content\"";
				DEVELOPMENT_TEAM = N85MKK397C;
				ENABLE_PREVIEWS = YES;
				GENERATE_INFOPLIST_FILE = YES;
				INFOPLIST_KEY_UIApplicationSceneManifest_Generation = YES;
				INFOPLIST_KEY_UIApplicationSupportsIndirectInputEvents = YES;
				INFOPLIST_KEY_UILaunchScreen_Generation = YES;
				INFOPLIST_KEY_UISupportedInterfaceOrientations_iPad = "UIInterfaceOrientationPortrait UIInterfaceOrientationPortraitUpsideDown UIInterfaceOrientationLandscapeLeft UIInterfaceOrientationLandscapeRight";
				INFOPLIST_KEY_UISupportedInterfaceOrientations_iPhone = "UIInterfaceOrientationPortrait UIInterfaceOrientationLandscapeLeft UIInterfaceOrientationLandscapeRight";
				LD_RUNPATH_SEARCH_PATHS = (
					"$(inherited)",
					"@executable_path/Frameworks",
				);
				MARKETING_VERSION = 1.0;
				PRODUCT_BUNDLE_IDENTIFIER = max.PersonListSwiftUi;
				PRODUCT_NAME = "$(TARGET_NAME)";
				SWIFT_EMIT_LOC_STRINGS = YES;
				SWIFT_VERSION = 5.0;
				TARGETED_DEVICE_FAMILY = "1,2";
			};
			name = Release;
		};
/* End XCBuildConfiguration section */

/* Begin XCConfigurationList section */
		768C336F2832584300FB2DE2 /* Build configuration list for PBXProject "PersonListSwiftUi" */ = {
			isa = XCConfigurationList;
			buildConfigurations = (
				768C33802832584400FB2DE2 /* Debug */,
				768C33812832584400FB2DE2 /* Release */,
			);
			defaultConfigurationIsVisible = 0;
			defaultConfigurationName = Release;
		};
		768C33822832584400FB2DE2 /* Build configuration list for PBXNativeTarget "PersonListSwiftUi" */ = {
			isa = XCConfigurationList;
			buildConfigurations = (
				768C33832832584400FB2DE2 /* Debug */,
				768C33842832584400FB2DE2 /* Release */,
			);
			defaultConfigurationIsVisible = 0;
			defaultConfigurationName = Release;
		};
/* End XCConfigurationList section */
	};
	rootObject = 768C336C2832584300FB2DE2 /* Project object */;
}
